
Microsoft Visual Studio Solution File, Format Version 12.00
# Visual Studio Version 17
VisualStudioVersion = 17.11.35327.3
MinimumVisualStudioVersion = 10.0.40219.1
Project("{FAE04EC0-301F-11D3-BF4B-00C04F79EFBC}") = "FormLogin", "FormLogin\FormLogin.csproj", "{6D579871-2361-4175-88D7-D2267DCEA7F6}"
EndProject
Global
	GlobalSection(SolutionConfigurationPlatforms) = preSolution
		Debug|Any CPU = Debug|Any CPU
		Release|Any CPU = Release|Any CPU
	EndGlobalSection
	GlobalSection(ProjectConfigurationPlatforms) = postSolution
		{6D579871-2361-4175-88D7-D2267DCEA7F6}.Debug|Any CPU.ActiveCfg = Debug|Any CPU
		{6D579871-2361-4175-88D7-D2267DCEA7F6}.Debug|Any CPU.Build.0 = Debug|Any CPU
		{6D579871-2361-4175-88D7-D2267DCEA7F6}.Release|Any CPU.ActiveCfg = Release|Any CPU
		{6D579871-2361-4175-88D7-D2267DCEA7F6}.Release|Any CPU.Build.0 = Release|Any CPU
	EndGlobalSection
	GlobalSection(SolutionProperties) = preSolution
		HideSolutionNode = FALSE
	EndGlobalSection
	GlobalSection(ExtensibilityGlobals) = postSolution
		SolutionGuid = {864FC867-5D40-40BD-9106-A331BE4DA791}
	EndGlobalSection
EndGlobal
